// !$*UTF8*$!
{
	archiveVersion = 1;
	classes = {
	};
	objectVersion = 50;
	objects = {

/* Begin PBXBuildFile section */
		5A33085A2465E3F5007A7F16 /* AppDelegate.swift in Sources */ = {isa = PBXBuildFile; fileRef = 5A3308592465E3F5007A7F16 /* AppDelegate.swift */; };
		5A33085C2465E3F5007A7F16 /* SceneDelegate.swift in Sources */ = {isa = PBXBuildFile; fileRef = 5A33085B2465E3F5007A7F16 /* SceneDelegate.swift */; };
		5A33085E2465E3F5007A7F16 /* ContentView.swift in Sources */ = {isa = PBXBuildFile; fileRef = 5A33085D2465E3F5007A7F16 /* ContentView.swift */; };
		5A3308602465E3F8007A7F16 /* Assets.xcassets in Resources */ = {isa = PBXBuildFile; fileRef = 5A33085F2465E3F8007A7F16 /* Assets.xcassets */; };
		5A3308632465E3F8007A7F16 /* Preview Assets.xcassets in Resources */ = {isa = PBXBuildFile; fileRef = 5A3308622465E3F8007A7F16 /* Preview Assets.xcassets */; };
		5A3308662465E3F8007A7F16 /* LaunchScreen.storyboard in Resources */ = {isa = PBXBuildFile; fileRef = 5A3308642465E3F8007A7F16 /* LaunchScreen.storyboard */; };
		5A33086E2465E50A007A7F16 /* LandingPage.swift in Sources */ = {isa = PBXBuildFile; fileRef = 5A33086D2465E50A007A7F16 /* LandingPage.swift */; };
		5A3308702465F0AE007A7F16 /* Constants.swift in Sources */ = {isa = PBXBuildFile; fileRef = 5A33086F2465F0AE007A7F16 /* Constants.swift */; };
		5A3308722465FAB3007A7F16 /* UserDataModel.swift in Sources */ = {isa = PBXBuildFile; fileRef = 5A3308712465FAB3007A7F16 /* UserDataModel.swift */; };
		5A3308742465FACA007A7F16 /* User.swift in Sources */ = {isa = PBXBuildFile; fileRef = 5A3308732465FACA007A7F16 /* User.swift */; };
		5A33087624660421007A7F16 /* CreateAccount.swift in Sources */ = {isa = PBXBuildFile; fileRef = 5A33087524660421007A7F16 /* CreateAccount.swift */; };
		5A330878246606AB007A7F16 /* Login.swift in Sources */ = {isa = PBXBuildFile; fileRef = 5A330877246606AB007A7F16 /* Login.swift */; };
		5A33087D246607F4007A7F16 /* FormInput.swift in Sources */ = {isa = PBXBuildFile; fileRef = 5A33087C246607F4007A7F16 /* FormInput.swift */; };
		5A33087F24661329007A7F16 /* ActivityIndicator.swift in Sources */ = {isa = PBXBuildFile; fileRef = 5A33087E24661329007A7F16 /* ActivityIndicator.swift */; };
		5A3308812466316A007A7F16 /* MainView.swift in Sources */ = {isa = PBXBuildFile; fileRef = 5A3308802466316A007A7F16 /* MainView.swift */; };
		5A3308832466349F007A7F16 /* ProfileView.swift in Sources */ = {isa = PBXBuildFile; fileRef = 5A3308822466349F007A7F16 /* ProfileView.swift */; };
		5A330885246634A6007A7F16 /* InformationView.swift in Sources */ = {isa = PBXBuildFile; fileRef = 5A330884246634A6007A7F16 /* InformationView.swift */; };
		5A330887246634B2007A7F16 /* DonationsView.swift in Sources */ = {isa = PBXBuildFile; fileRef = 5A330886246634B2007A7F16 /* DonationsView.swift */; };
		5A33088D2467202D007A7F16 /* MainViewModel.swift in Sources */ = {isa = PBXBuildFile; fileRef = 5A33088C2467202C007A7F16 /* MainViewModel.swift */; };
		5A33088F24673D1C007A7F16 /* Triangle.swift in Sources */ = {isa = PBXBuildFile; fileRef = 5A33088E24673D1C007A7F16 /* Triangle.swift */; };
		5A330891246752D9007A7F16 /* DonationTypeDropdown.swift in Sources */ = {isa = PBXBuildFile; fileRef = 5A330890246752D9007A7F16 /* DonationTypeDropdown.swift */; };
/* End PBXBuildFile section */

/* Begin PBXFileReference section */
		5A3308562465E3F5007A7F16 /* ShareChange.app */ = {isa = PBXFileReference; explicitFileType = wrapper.application; includeInIndex = 0; path = ShareChange.app; sourceTree = BUILT_PRODUCTS_DIR; };
		5A3308592465E3F5007A7F16 /* AppDelegate.swift */ = {isa = PBXFileReference; lastKnownFileType = sourcecode.swift; path = AppDelegate.swift; sourceTree = "<group>"; };
		5A33085B2465E3F5007A7F16 /* SceneDelegate.swift */ = {isa = PBXFileReference; lastKnownFileType = sourcecode.swift; path = SceneDelegate.swift; sourceTree = "<group>"; };
		5A33085D2465E3F5007A7F16 /* ContentView.swift */ = {isa = PBXFileReference; lastKnownFileType = sourcecode.swift; path = ContentView.swift; sourceTree = "<group>"; };
		5A33085F2465E3F8007A7F16 /* Assets.xcassets */ = {isa = PBXFileReference; lastKnownFileType = folder.assetcatalog; path = Assets.xcassets; sourceTree = "<group>"; };
		5A3308622465E3F8007A7F16 /* Preview Assets.xcassets */ = {isa = PBXFileReference; lastKnownFileType = folder.assetcatalog; path = "Preview Assets.xcassets"; sourceTree = "<group>"; };
		5A3308652465E3F8007A7F16 /* Base */ = {isa = PBXFileReference; lastKnownFileType = file.storyboard; name = Base; path = Base.lproj/LaunchScreen.storyboard; sourceTree = "<group>"; };
		5A3308672465E3F8007A7F16 /* Info.plist */ = {isa = PBXFileReference; lastKnownFileType = text.plist.xml; path = Info.plist; sourceTree = "<group>"; };
		5A33086D2465E50A007A7F16 /* LandingPage.swift */ = {isa = PBXFileReference; lastKnownFileType = sourcecode.swift; path = LandingPage.swift; sourceTree = "<group>"; };
		5A33086F2465F0AE007A7F16 /* Constants.swift */ = {isa = PBXFileReference; lastKnownFileType = sourcecode.swift; path = Constants.swift; sourceTree = "<group>"; };
		5A3308712465FAB3007A7F16 /* UserDataModel.swift */ = {isa = PBXFileReference; lastKnownFileType = sourcecode.swift; path = UserDataModel.swift; sourceTree = "<group>"; };
		5A3308732465FACA007A7F16 /* User.swift */ = {isa = PBXFileReference; lastKnownFileType = sourcecode.swift; path = User.swift; sourceTree = "<group>"; };
		5A33087524660421007A7F16 /* CreateAccount.swift */ = {isa = PBXFileReference; lastKnownFileType = sourcecode.swift; path = CreateAccount.swift; sourceTree = "<group>"; };
		5A330877246606AB007A7F16 /* Login.swift */ = {isa = PBXFileReference; lastKnownFileType = sourcecode.swift; path = Login.swift; sourceTree = "<group>"; };
		5A33087C246607F4007A7F16 /* FormInput.swift */ = {isa = PBXFileReference; lastKnownFileType = sourcecode.swift; path = FormInput.swift; sourceTree = "<group>"; };
		5A33087E24661329007A7F16 /* ActivityIndicator.swift */ = {isa = PBXFileReference; lastKnownFileType = sourcecode.swift; path = ActivityIndicator.swift; sourceTree = "<group>"; };
		5A3308802466316A007A7F16 /* MainView.swift */ = {isa = PBXFileReference; lastKnownFileType = sourcecode.swift; path = MainView.swift; sourceTree = "<group>"; };
		5A3308822466349F007A7F16 /* ProfileView.swift */ = {isa = PBXFileReference; lastKnownFileType = sourcecode.swift; path = ProfileView.swift; sourceTree = "<group>"; };
		5A330884246634A6007A7F16 /* InformationView.swift */ = {isa = PBXFileReference; lastKnownFileType = sourcecode.swift; path = InformationView.swift; sourceTree = "<group>"; };
		5A330886246634B2007A7F16 /* DonationsView.swift */ = {isa = PBXFileReference; lastKnownFileType = sourcecode.swift; path = DonationsView.swift; sourceTree = "<group>"; };
		5A33088C2467202C007A7F16 /* MainViewModel.swift */ = {isa = PBXFileReference; lastKnownFileType = sourcecode.swift; path = MainViewModel.swift; sourceTree = "<group>"; };
		5A33088E24673D1C007A7F16 /* Triangle.swift */ = {isa = PBXFileReference; lastKnownFileType = sourcecode.swift; path = Triangle.swift; sourceTree = "<group>"; };
		5A330890246752D9007A7F16 /* DonationTypeDropdown.swift */ = {isa = PBXFileReference; lastKnownFileType = sourcecode.swift; path = DonationTypeDropdown.swift; sourceTree = "<group>"; };
/* End PBXFileReference section */

/* Begin PBXFrameworksBuildPhase section */
		5A3308532465E3F5007A7F16 /* Frameworks */ = {
			isa = PBXFrameworksBuildPhase;
			buildActionMask = 2147483647;
			files = (
			);
			runOnlyForDeploymentPostprocessing = 0;
		};
/* End PBXFrameworksBuildPhase section */

/* Begin PBXGroup section */
		5A33084D2465E3F5007A7F16 = {
			isa = PBXGroup;
			children = (
				5A3308582465E3F5007A7F16 /* ShareChange */,
				5A3308572465E3F5007A7F16 /* Products */,
			);
			sourceTree = "<group>";
		};
		5A3308572465E3F5007A7F16 /* Products */ = {
			isa = PBXGroup;
			children = (
				5A3308562465E3F5007A7F16 /* ShareChange.app */,
			);
			name = Products;
			sourceTree = "<group>";
		};
		5A3308582465E3F5007A7F16 /* ShareChange */ = {
			isa = PBXGroup;
			children = (
				5A3308592465E3F5007A7F16 /* AppDelegate.swift */,
				5A33085B2465E3F5007A7F16 /* SceneDelegate.swift */,
				5A33087924660784007A7F16 /* Views */,
				5A33087A246607CD007A7F16 /* ViewModels */,
				5A33087B246607D6007A7F16 /* Models */,
				5A33086F2465F0AE007A7F16 /* Constants.swift */,
				5A33085F2465E3F8007A7F16 /* Assets.xcassets */,
				5A3308642465E3F8007A7F16 /* LaunchScreen.storyboard */,
				5A3308672465E3F8007A7F16 /* Info.plist */,
				5A3308612465E3F8007A7F16 /* Preview Content */,
			);
			path = ShareChange;
			sourceTree = "<group>";
		};
		5A3308612465E3F8007A7F16 /* Preview Content */ = {
			isa = PBXGroup;
			children = (
				5A3308622465E3F8007A7F16 /* Preview Assets.xcassets */,
			);
			path = "Preview Content";
			sourceTree = "<group>";
		};
		5A33087924660784007A7F16 /* Views */ = {
			isa = PBXGroup;
			children = (
				5A33085D2465E3F5007A7F16 /* ContentView.swift */,
				5A3308802466316A007A7F16 /* MainView.swift */,
				5A330888246635A1007A7F16 /* Profile */,
				5A330889246635A8007A7F16 /* Information */,
				5A33088A246635B0007A7F16 /* Donations */,
				5A33086D2465E50A007A7F16 /* LandingPage.swift */,
				5A33087524660421007A7F16 /* CreateAccount.swift */,
				5A330877246606AB007A7F16 /* Login.swift */,
				5A33087C246607F4007A7F16 /* FormInput.swift */,
				5A33088B24665664007A7F16 /* ReusableViews */,
			);
			path = Views;
			sourceTree = "<group>";
		};
		5A33087A246607CD007A7F16 /* ViewModels */ = {
			isa = PBXGroup;
			children = (
				5A3308712465FAB3007A7F16 /* UserDataModel.swift */,
				5A33088C2467202C007A7F16 /* MainViewModel.swift */,
			);
			path = ViewModels;
			sourceTree = "<group>";
		};
		5A33087B246607D6007A7F16 /* Models */ = {
			isa = PBXGroup;
			children = (
				5A3308732465FACA007A7F16 /* User.swift */,
			);
			path = Models;
			sourceTree = "<group>";
		};
		5A330888246635A1007A7F16 /* Profile */ = {
			isa = PBXGroup;
			children = (
				5A3308822466349F007A7F16 /* ProfileView.swift */,
			);
			path = Profile;
			sourceTree = "<group>";
		};
		5A330889246635A8007A7F16 /* Information */ = {
			isa = PBXGroup;
			children = (
				5A330884246634A6007A7F16 /* InformationView.swift */,
			);
			path = Information;
			sourceTree = "<group>";
		};
		5A33088A246635B0007A7F16 /* Donations */ = {
			isa = PBXGroup;
			children = (
				5A330886246634B2007A7F16 /* DonationsView.swift */,
				5A330890246752D9007A7F16 /* DonationTypeDropdown.swift */,
			);
			path = Donations;
			sourceTree = "<group>";
		};
		5A33088B24665664007A7F16 /* ReusableViews */ = {
			isa = PBXGroup;
			children = (
				5A33087E24661329007A7F16 /* ActivityIndicator.swift */,
				5A33088E24673D1C007A7F16 /* Triangle.swift */,
			);
			path = ReusableViews;
			sourceTree = "<group>";
		};
/* End PBXGroup section */

/* Begin PBXNativeTarget section */
		5A3308552465E3F5007A7F16 /* ShareChange */ = {
			isa = PBXNativeTarget;
			buildConfigurationList = 5A33086A2465E3F8007A7F16 /* Build configuration list for PBXNativeTarget "ShareChange" */;
			buildPhases = (
				5A3308522465E3F5007A7F16 /* Sources */,
				5A3308532465E3F5007A7F16 /* Frameworks */,
				5A3308542465E3F5007A7F16 /* Resources */,
			);
			buildRules = (
			);
			dependencies = (
			);
			name = ShareChange;
			productName = ShareChange;
			productReference = 5A3308562465E3F5007A7F16 /* ShareChange.app */;
			productType = "com.apple.product-type.application";
		};
/* End PBXNativeTarget section */

/* Begin PBXProject section */
		5A33084E2465E3F5007A7F16 /* Project object */ = {
			isa = PBXProject;
			attributes = {
				LastSwiftUpdateCheck = 1140;
				LastUpgradeCheck = 1140;
				ORGANIZATIONNAME = RahilPatel;
				TargetAttributes = {
					5A3308552465E3F5007A7F16 = {
						CreatedOnToolsVersion = 11.4.1;
					};
				};
			};
			buildConfigurationList = 5A3308512465E3F5007A7F16 /* Build configuration list for PBXProject "ShareChange" */;
			compatibilityVersion = "Xcode 9.3";
			developmentRegion = en;
			hasScannedForEncodings = 0;
			knownRegions = (
				en,
				Base,
			);
			mainGroup = 5A33084D2465E3F5007A7F16;
			productRefGroup = 5A3308572465E3F5007A7F16 /* Products */;
			projectDirPath = "";
			projectRoot = "";
			targets = (
				5A3308552465E3F5007A7F16 /* ShareChange */,
			);
		};
/* End PBXProject section */

/* Begin PBXResourcesBuildPhase section */
		5A3308542465E3F5007A7F16 /* Resources */ = {
			isa = PBXResourcesBuildPhase;
			buildActionMask = 2147483647;
			files = (
				5A3308662465E3F8007A7F16 /* LaunchScreen.storyboard in Resources */,
				5A3308632465E3F8007A7F16 /* Preview Assets.xcassets in Resources */,
				5A3308602465E3F8007A7F16 /* Assets.xcassets in Resources */,
			);
			runOnlyForDeploymentPostprocessing = 0;
		};
/* End PBXResourcesBuildPhase section */

/* Begin PBXSourcesBuildPhase section */
		5A3308522465E3F5007A7F16 /* Sources */ = {
			isa = PBXSourcesBuildPhase;
			buildActionMask = 2147483647;
			files = (
				5A3308722465FAB3007A7F16 /* UserDataModel.swift in Sources */,
				5A3308832466349F007A7F16 /* ProfileView.swift in Sources */,
				5A3308702465F0AE007A7F16 /* Constants.swift in Sources */,
				5A33085A2465E3F5007A7F16 /* AppDelegate.swift in Sources */,
				5A33088F24673D1C007A7F16 /* Triangle.swift in Sources */,
				5A33085C2465E3F5007A7F16 /* SceneDelegate.swift in Sources */,
				5A330891246752D9007A7F16 /* DonationTypeDropdown.swift in Sources */,
				5A33086E2465E50A007A7F16 /* LandingPage.swift in Sources */,
				5A33087F24661329007A7F16 /* ActivityIndicator.swift in Sources */,
				5A330885246634A6007A7F16 /* InformationView.swift in Sources */,
				5A33085E2465E3F5007A7F16 /* ContentView.swift in Sources */,
				5A33087D246607F4007A7F16 /* FormInput.swift in Sources */,
				5A330878246606AB007A7F16 /* Login.swift in Sources */,
				5A330887246634B2007A7F16 /* DonationsView.swift in Sources */,
				5A3308742465FACA007A7F16 /* User.swift in Sources */,
				5A3308812466316A007A7F16 /* MainView.swift in Sources */,
				5A33087624660421007A7F16 /* CreateAccount.swift in Sources */,
				5A33088D2467202D007A7F16 /* MainViewModel.swift in Sources */,
			);
			runOnlyForDeploymentPostprocessing = 0;
		};
/* End PBXSourcesBuildPhase section */

/* Begin PBXVariantGroup section */
		5A3308642465E3F8007A7F16 /* LaunchScreen.storyboard */ = {
			isa = PBXVariantGroup;
			children = (
				5A3308652465E3F8007A7F16 /* Base */,
			);
			name = LaunchScreen.storyboard;
			sourceTree = "<group>";
		};
/* End PBXVariantGroup section */

/* Begin XCBuildConfiguration section */
		5A3308682465E3F8007A7F16 /* Debug */ = {
			isa = XCBuildConfiguration;
			buildSettings = {
				ALWAYS_SEARCH_USER_PATHS = NO;
				CLANG_ANALYZER_NONNULL = YES;
				CLANG_ANALYZER_NUMBER_OBJECT_CONVERSION = YES_AGGRESSIVE;
				CLANG_CXX_LANGUAGE_STANDARD = "gnu++14";
				CLANG_CXX_LIBRARY = "libc++";
				CLANG_ENABLE_MODULES = YES;
				CLANG_ENABLE_OBJC_ARC = YES;
				CLANG_ENABLE_OBJC_WEAK = YES;
				CLANG_WARN_BLOCK_CAPTURE_AUTORELEASING = YES;
				CLANG_WARN_BOOL_CONVERSION = YES;
				CLANG_WARN_COMMA = YES;
				CLANG_WARN_CONSTANT_CONVERSION = YES;
				CLANG_WARN_DEPRECATED_OBJC_IMPLEMENTATIONS = YES;
				CLANG_WARN_DIRECT_OBJC_ISA_USAGE = YES_ERROR;
				CLANG_WARN_DOCUMENTATION_COMMENTS = YES;
				CLANG_WARN_EMPTY_BODY = YES;
				CLANG_WARN_ENUM_CONVERSION = YES;
				CLANG_WARN_INFINITE_RECURSION = YES;
				CLANG_WARN_INT_CONVERSION = YES;
				CLANG_WARN_NON_LITERAL_NULL_CONVERSION = YES;
				CLANG_WARN_OBJC_IMPLICIT_RETAIN_SELF = YES;
				CLANG_WARN_OBJC_LITERAL_CONVERSION = YES;
				CLANG_WARN_OBJC_ROOT_CLASS = YES_ERROR;
				CLANG_WARN_RANGE_LOOP_ANALYSIS = YES;
				CLANG_WARN_STRICT_PROTOTYPES = YES;
				CLANG_WARN_SUSPICIOUS_MOVE = YES;
				CLANG_WARN_UNGUARDED_AVAILABILITY = YES_AGGRESSIVE;
				CLANG_WARN_UNREACHABLE_CODE = YES;
				CLANG_WARN__DUPLICATE_METHOD_MATCH = YES;
				COPY_PHASE_STRIP = NO;
				DEBUG_INFORMATION_FORMAT = dwarf;
				ENABLE_STRICT_OBJC_MSGSEND = YES;
				ENABLE_TESTABILITY = YES;
				GCC_C_LANGUAGE_STANDARD = gnu11;
				GCC_DYNAMIC_NO_PIC = NO;
				GCC_NO_COMMON_BLOCKS = YES;
				GCC_OPTIMIZATION_LEVEL = 0;
				GCC_PREPROCESSOR_DEFINITIONS = (
					"DEBUG=1",
					"$(inherited)",
				);
				GCC_WARN_64_TO_32_BIT_CONVERSION = YES;
				GCC_WARN_ABOUT_RETURN_TYPE = YES_ERROR;
				GCC_WARN_UNDECLARED_SELECTOR = YES;
				GCC_WARN_UNINITIALIZED_AUTOS = YES_AGGRESSIVE;
				GCC_WARN_UNUSED_FUNCTION = YES;
				GCC_WARN_UNUSED_VARIABLE = YES;
				IPHONEOS_DEPLOYMENT_TARGET = 13.4;
				MTL_ENABLE_DEBUG_INFO = INCLUDE_SOURCE;
				MTL_FAST_MATH = YES;
				ONLY_ACTIVE_ARCH = YES;
				SDKROOT = iphoneos;
				SWIFT_ACTIVE_COMPILATION_CONDITIONS = DEBUG;
				SWIFT_OPTIMIZATION_LEVEL = "-Onone";
			};
			name = Debug;
		};
		5A3308692465E3F8007A7F16 /* Release */ = {
			isa = XCBuildConfiguration;
			buildSettings = {
				ALWAYS_SEARCH_USER_PATHS = NO;
				CLANG_ANALYZER_NONNULL = YES;
				CLANG_ANALYZER_NUMBER_OBJECT_CONVERSION = YES_AGGRESSIVE;
				CLANG_CXX_LANGUAGE_STANDARD = "gnu++14";
				CLANG_CXX_LIBRARY = "libc++";
				CLANG_ENABLE_MODULES = YES;
				CLANG_ENABLE_OBJC_ARC = YES;
				CLANG_ENABLE_OBJC_WEAK = YES;
				CLANG_WARN_BLOCK_CAPTURE_AUTORELEASING = YES;
				CLANG_WARN_BOOL_CONVERSION = YES;
				CLANG_WARN_COMMA = YES;
				CLANG_WARN_CONSTANT_CONVERSION = YES;
				CLANG_WARN_DEPRECATED_OBJC_IMPLEMENTATIONS = YES;
				CLANG_WARN_DIRECT_OBJC_ISA_USAGE = YES_ERROR;
				CLANG_WARN_DOCUMENTATION_COMMENTS = YES;
				CLANG_WARN_EMPTY_BODY = YES;
				CLANG_WARN_ENUM_CONVERSION = YES;
				CLANG_WARN_INFINITE_RECURSION = YES;
				CLANG_WARN_INT_CONVERSION = YES;
				CLANG_WARN_NON_LITERAL_NULL_CONVERSION = YES;
				CLANG_WARN_OBJC_IMPLICIT_RETAIN_SELF = YES;
				CLANG_WARN_OBJC_LITERAL_CONVERSION = YES;
				CLANG_WARN_OBJC_ROOT_CLASS = YES_ERROR;
				CLANG_WARN_RANGE_LOOP_ANALYSIS = YES;
				CLANG_WARN_STRICT_PROTOTYPES = YES;
				CLANG_WARN_SUSPICIOUS_MOVE = YES;
				CLANG_WARN_UNGUARDED_AVAILABILITY = YES_AGGRESSIVE;
				CLANG_WARN_UNREACHABLE_CODE = YES;
				CLANG_WARN__DUPLICATE_METHOD_MATCH = YES;
				COPY_PHASE_STRIP = NO;
				DEBUG_INFORMATION_FORMAT = "dwarf-with-dsym";
				ENABLE_NS_ASSERTIONS = NO;
				ENABLE_STRICT_OBJC_MSGSEND = YES;
				GCC_C_LANGUAGE_STANDARD = gnu11;
				GCC_NO_COMMON_BLOCKS = YES;
				GCC_WARN_64_TO_32_BIT_CONVERSION = YES;
				GCC_WARN_ABOUT_RETURN_TYPE = YES_ERROR;
				GCC_WARN_UNDECLARED_SELECTOR = YES;
				GCC_WARN_UNINITIALIZED_AUTOS = YES_AGGRESSIVE;
				GCC_WARN_UNUSED_FUNCTION = YES;
				GCC_WARN_UNUSED_VARIABLE = YES;
				IPHONEOS_DEPLOYMENT_TARGET = 13.4;
				MTL_ENABLE_DEBUG_INFO = NO;
				MTL_FAST_MATH = YES;
				SDKROOT = iphoneos;
				SWIFT_COMPILATION_MODE = wholemodule;
				SWIFT_OPTIMIZATION_LEVEL = "-O";
				VALIDATE_PRODUCT = YES;
			};
			name = Release;
		};
		5A33086B2465E3F8007A7F16 /* Debug */ = {
			isa = XCBuildConfiguration;
			buildSettings = {
				ASSETCATALOG_COMPILER_APPICON_NAME = AppIcon;
				CODE_SIGN_STYLE = Automatic;
				DEVELOPMENT_ASSET_PATHS = "\"ShareChange/Preview Content\"";
				DEVELOPMENT_TEAM = 5XC5483PFF;
				ENABLE_PREVIEWS = YES;
				INFOPLIST_FILE = ShareChange/Info.plist;
				IPHONEOS_DEPLOYMENT_TARGET = 13.3;
				LD_RUNPATH_SEARCH_PATHS = (
					"$(inherited)",
					"@executable_path/Frameworks",
				);
				PRODUCT_BUNDLE_IDENTIFIER = self.RahilPatel.ShareChange;
				PRODUCT_NAME = "$(TARGET_NAME)";
				SWIFT_VERSION = 5.0;
				TARGETED_DEVICE_FAMILY = "1,2";
			};
			name = Debug;
		};
		5A33086C2465E3F8007A7F16 /* Release */ = {
			isa = XCBuildConfiguration;
			buildSettings = {
				ASSETCATALOG_COMPILER_APPICON_NAME = AppIcon;
				CODE_SIGN_STYLE = Automatic;
				DEVELOPMENT_ASSET_PATHS = "\"ShareChange/Preview Content\"";
				DEVELOPMENT_TEAM = 5XC5483PFF;
				ENABLE_PREVIEWS = YES;
				INFOPLIST_FILE = ShareChange/Info.plist;
				IPHONEOS_DEPLOYMENT_TARGET = 13.3;
				LD_RUNPATH_SEARCH_PATHS = (
					"$(inherited)",
					"@executable_path/Frameworks",
				);
				PRODUCT_BUNDLE_IDENTIFIER = self.RahilPatel.ShareChange;
				PRODUCT_NAME = "$(TARGET_NAME)";
				SWIFT_VERSION = 5.0;
				TARGETED_DEVICE_FAMILY = "1,2";
			};
			name = Release;
		};
/* End XCBuildConfiguration section */

/* Begin XCConfigurationList section */
		5A3308512465E3F5007A7F16 /* Build configuration list for PBXProject "ShareChange" */ = {
			isa = XCConfigurationList;
			buildConfigurations = (
				5A3308682465E3F8007A7F16 /* Debug */,
				5A3308692465E3F8007A7F16 /* Release */,
			);
			defaultConfigurationIsVisible = 0;
			defaultConfigurationName = Release;
		};
		5A33086A2465E3F8007A7F16 /* Build configuration list for PBXNativeTarget "ShareChange" */ = {
			isa = XCConfigurationList;
			buildConfigurations = (
				5A33086B2465E3F8007A7F16 /* Debug */,
				5A33086C2465E3F8007A7F16 /* Release */,
			);
			defaultConfigurationIsVisible = 0;
			defaultConfigurationName = Release;
		};
/* End XCConfigurationList section */
	};
	rootObject = 5A33084E2465E3F5007A7F16 /* Project object */;
}
